// !$*UTF8*$!
{
	archiveVersion = 1;
	classes = {
	};
	objectVersion = 46;
	objects = {

/* Begin PBXBuildFile section */
		06B641421A1465F60056292F /* FeedItem.swift in Sources */ = {isa = PBXBuildFile; fileRef = 06B641411A1465F60056292F /* FeedItem.swift */; };
		06C0236B1A0ED449005ABB10 /* AppDelegate.swift in Sources */ = {isa = PBXBuildFile; fileRef = 06C0236A1A0ED449005ABB10 /* AppDelegate.swift */; };
		06C0236E1A0ED449005ABB10 /* ExchangeAGram.xcdatamodeld in Sources */ = {isa = PBXBuildFile; fileRef = 06C0236C1A0ED449005ABB10 /* ExchangeAGram.xcdatamodeld */; };
		06C023731A0ED449005ABB10 /* Main.storyboard in Resources */ = {isa = PBXBuildFile; fileRef = 06C023711A0ED449005ABB10 /* Main.storyboard */; };
		06C023751A0ED449005ABB10 /* Images.xcassets in Resources */ = {isa = PBXBuildFile; fileRef = 06C023741A0ED449005ABB10 /* Images.xcassets */; };
		06C023781A0ED449005ABB10 /* LaunchScreen.xib in Resources */ = {isa = PBXBuildFile; fileRef = 06C023761A0ED449005ABB10 /* LaunchScreen.xib */; };
		06C023841A0ED449005ABB10 /* ExchangeAGramTests.swift in Sources */ = {isa = PBXBuildFile; fileRef = 06C023831A0ED449005ABB10 /* ExchangeAGramTests.swift */; };
		06C0238E1A0ED91C005ABB10 /* ExchangeAGram.swift in Sources */ = {isa = PBXBuildFile; fileRef = 06C0238D1A0ED91C005ABB10 /* ExchangeAGram.swift */; };
		06C023901A0EE05C005ABB10 /* MobileCoreServices.framework in Frameworks */ = {isa = PBXBuildFile; fileRef = 06C0238F1A0EE05C005ABB10 /* MobileCoreServices.framework */; };
		06C023941A0FD657005ABB10 /* SiberianTiger.jpg in Resources */ = {isa = PBXBuildFile; fileRef = 06C023931A0FD657005ABB10 /* SiberianTiger.jpg */; };
/* End PBXBuildFile section */

/* Begin PBXContainerItemProxy section */
		06C0237E1A0ED449005ABB10 /* PBXContainerItemProxy */ = {
			isa = PBXContainerItemProxy;
			containerPortal = 06C0235D1A0ED449005ABB10 /* Project object */;
			proxyType = 1;
			remoteGlobalIDString = 06C023641A0ED449005ABB10;
			remoteInfo = ExchangeAGram;
		};
/* End PBXContainerItemProxy section */

/* Begin PBXFileReference section */
		06B641411A1465F60056292F /* FeedItem.swift */ = {isa = PBXFileReference; fileEncoding = 4; lastKnownFileType = sourcecode.swift; path = FeedItem.swift; sourceTree = "<group>"; };
		06C023651A0ED449005ABB10 /* ExchangeAGram.app */ = {isa = PBXFileReference; explicitFileType = wrapper.application; includeInIndex = 0; path = ExchangeAGram.app; sourceTree = BUILT_PRODUCTS_DIR; };
		06C023691A0ED449005ABB10 /* Info.plist */ = {isa = PBXFileReference; lastKnownFileType = text.plist.xml; path = Info.plist; sourceTree = "<group>"; };
		06C0236A1A0ED449005ABB10 /* AppDelegate.swift */ = {isa = PBXFileReference; lastKnownFileType = sourcecode.swift; path = AppDelegate.swift; sourceTree = "<group>"; };
		06C0236D1A0ED449005ABB10 /* ExchangeAGram.xcdatamodel */ = {isa = PBXFileReference; lastKnownFileType = wrapper.xcdatamodel; path = ExchangeAGram.xcdatamodel; sourceTree = "<group>"; };
		06C023721A0ED449005ABB10 /* Base */ = {isa = PBXFileReference; lastKnownFileType = file.storyboard; name = Base; path = Base.lproj/Main.storyboard; sourceTree = "<group>"; };
		06C023741A0ED449005ABB10 /* Images.xcassets */ = {isa = PBXFileReference; lastKnownFileType = folder.assetcatalog; path = Images.xcassets; sourceTree = "<group>"; };
		06C023771A0ED449005ABB10 /* Base */ = {isa = PBXFileReference; lastKnownFileType = file.xib; name = Base; path = Base.lproj/LaunchScreen.xib; sourceTree = "<group>"; };
		06C0237D1A0ED449005ABB10 /* ExchangeAGramTests.xctest */ = {isa = PBXFileReference; explicitFileType = wrapper.cfbundle; includeInIndex = 0; path = ExchangeAGramTests.xctest; sourceTree = BUILT_PRODUCTS_DIR; };
		06C023821A0ED449005ABB10 /* Info.plist */ = {isa = PBXFileReference; lastKnownFileType = text.plist.xml; path = Info.plist; sourceTree = "<group>"; };
		06C023831A0ED449005ABB10 /* ExchangeAGramTests.swift */ = {isa = PBXFileReference; lastKnownFileType = sourcecode.swift; path = ExchangeAGramTests.swift; sourceTree = "<group>"; };
		06C0238D1A0ED91C005ABB10 /* ExchangeAGram.swift */ = {isa = PBXFileReference; fileEncoding = 4; lastKnownFileType = sourcecode.swift; name = ExchangeAGram.swift; path = ../ExchangeAGram.swift; sourceTree = "<group>"; };
		06C0238F1A0EE05C005ABB10 /* MobileCoreServices.framework */ = {isa = PBXFileReference; lastKnownFileType = wrapper.framework; name = MobileCoreServices.framework; path = System/Library/Frameworks/MobileCoreServices.framework; sourceTree = SDKROOT; };
		06C023931A0FD657005ABB10 /* SiberianTiger.jpg */ = {isa = PBXFileReference; lastKnownFileType = image.jpeg; path = SiberianTiger.jpg; sourceTree = "<group>"; };
/* End PBXFileReference section */

/* Begin PBXFrameworksBuildPhase section */
		06C023621A0ED449005ABB10 /* Frameworks */ = {
			isa = PBXFrameworksBuildPhase;
			buildActionMask = 2147483647;
			files = (
				06C023901A0EE05C005ABB10 /* MobileCoreServices.framework in Frameworks */,
			);
			runOnlyForDeploymentPostprocessing = 0;
		};
		06C0237A1A0ED449005ABB10 /* Frameworks */ = {
			isa = PBXFrameworksBuildPhase;
			buildActionMask = 2147483647;
			files = (
			);
			runOnlyForDeploymentPostprocessing = 0;
		};
/* End PBXFrameworksBuildPhase section */

/* Begin PBXGroup section */
		06C0235C1A0ED449005ABB10 = {
			isa = PBXGroup;
			children = (
				06C023671A0ED449005ABB10 /* ExchangeAGram */,
				06C023801A0ED449005ABB10 /* ExchangeAGramTests */,
				06C023661A0ED449005ABB10 /* Products */,
			);
			sourceTree = "<group>";
		};
		06C023661A0ED449005ABB10 /* Products */ = {
			isa = PBXGroup;
			children = (
				06C023651A0ED449005ABB10 /* ExchangeAGram.app */,
				06C0237D1A0ED449005ABB10 /* ExchangeAGramTests.xctest */,
			);
			name = Products;
			sourceTree = "<group>";
		};
		06C023671A0ED449005ABB10 /* ExchangeAGram */ = {
			isa = PBXGroup;
			children = (
				06C0236A1A0ED449005ABB10 /* AppDelegate.swift */,
				06C023711A0ED449005ABB10 /* Main.storyboard */,
				06C0238D1A0ED91C005ABB10 /* ExchangeAGram.swift */,
				06B641411A1465F60056292F /* FeedItem.swift */,
				06C0236C1A0ED449005ABB10 /* ExchangeAGram.xcdatamodeld */,
				06C023741A0ED449005ABB10 /* Images.xcassets */,
				06C023761A0ED449005ABB10 /* LaunchScreen.xib */,
				06C023681A0ED449005ABB10 /* Supporting Files */,
			);
			path = ExchangeAGram;
			sourceTree = "<group>";
		};
		06C023681A0ED449005ABB10 /* Supporting Files */ = {
			isa = PBXGroup;
			children = (
				06C023931A0FD657005ABB10 /* SiberianTiger.jpg */,
				06C0238F1A0EE05C005ABB10 /* MobileCoreServices.framework */,
				06C023691A0ED449005ABB10 /* Info.plist */,
			);
			name = "Supporting Files";
			sourceTree = "<group>";
		};
		06C023801A0ED449005ABB10 /* ExchangeAGramTests */ = {
			isa = PBXGroup;
			children = (
				06C023831A0ED449005ABB10 /* ExchangeAGramTests.swift */,
				06C023811A0ED449005ABB10 /* Supporting Files */,
			);
			path = ExchangeAGramTests;
			sourceTree = "<group>";
		};
		06C023811A0ED449005ABB10 /* Supporting Files */ = {
			isa = PBXGroup;
			children = (
				06C023821A0ED449005ABB10 /* Info.plist */,
			);
			name = "Supporting Files";
			sourceTree = "<group>";
		};
/* End PBXGroup section */

/* Begin PBXNativeTarget section */
		06C023641A0ED449005ABB10 /* ExchangeAGram */ = {
			isa = PBXNativeTarget;
			buildConfigurationList = 06C023871A0ED449005ABB10 /* Build configuration list for PBXNativeTarget "ExchangeAGram" */;
			buildPhases = (
				06C023611A0ED449005ABB10 /* Sources */,
				06C023621A0ED449005ABB10 /* Frameworks */,
				06C023631A0ED449005ABB10 /* Resources */,
			);
			buildRules = (
			);
			dependencies = (
			);
			name = ExchangeAGram;
			productName = ExchangeAGram;
			productReference = 06C023651A0ED449005ABB10 /* ExchangeAGram.app */;
			productType = "com.apple.product-type.application";
		};
		06C0237C1A0ED449005ABB10 /* ExchangeAGramTests */ = {
			isa = PBXNativeTarget;
			buildConfigurationList = 06C0238A1A0ED449005ABB10 /* Build configuration list for PBXNativeTarget "ExchangeAGramTests" */;
			buildPhases = (
				06C023791A0ED449005ABB10 /* Sources */,
				06C0237A1A0ED449005ABB10 /* Frameworks */,
				06C0237B1A0ED449005ABB10 /* Resources */,
			);
			buildRules = (
			);
			dependencies = (
				06C0237F1A0ED449005ABB10 /* PBXTargetDependency */,
			);
			name = ExchangeAGramTests;
			productName = ExchangeAGramTests;
			productReference = 06C0237D1A0ED449005ABB10 /* ExchangeAGramTests.xctest */;
			productType = "com.apple.product-type.bundle.unit-test";
		};
/* End PBXNativeTarget section */

/* Begin PBXProject section */
		06C0235D1A0ED449005ABB10 /* Project object */ = {
			isa = PBXProject;
			attributes = {
				LastUpgradeCheck = 0610;
				ORGANIZATIONNAME = "ManDevil Programming";
				TargetAttributes = {
					06C023641A0ED449005ABB10 = {
						CreatedOnToolsVersion = 6.1;
					};
					06C0237C1A0ED449005ABB10 = {
						CreatedOnToolsVersion = 6.1;
						TestTargetID = 06C023641A0ED449005ABB10;
					};
				};
			};
			buildConfigurationList = 06C023601A0ED449005ABB10 /* Build configuration list for PBXProject "ExchangeAGram" */;
			compatibilityVersion = "Xcode 3.2";
			developmentRegion = English;
			hasScannedForEncodings = 0;
			knownRegions = (
				en,
				Base,
			);
			mainGroup = 06C0235C1A0ED449005ABB10;
			productRefGroup = 06C023661A0ED449005ABB10 /* Products */;
			projectDirPath = "";
			projectRoot = "";
			targets = (
				06C023641A0ED449005ABB10 /* ExchangeAGram */,
				06C0237C1A0ED449005ABB10 /* ExchangeAGramTests */,
			);
		};
/* End PBXProject section */

/* Begin PBXResourcesBuildPhase section */
		06C023631A0ED449005ABB10 /* Resources */ = {
			isa = PBXResourcesBuildPhase;
			buildActionMask = 2147483647;
			files = (
				06C023941A0FD657005ABB10 /* SiberianTiger.jpg in Resources */,
				06C023731A0ED449005ABB10 /* Main.storyboard in Resources */,
				06C023781A0ED449005ABB10 /* LaunchScreen.xib in Resources */,
				06C023751A0ED449005ABB10 /* Images.xcassets in Resources */,
			);
			runOnlyForDeploymentPostprocessing = 0;
		};
		06C0237B1A0ED449005ABB10 /* Resources */ = {
			isa = PBXResourcesBuildPhase;
			buildActionMask = 2147483647;
			files = (
			);
			runOnlyForDeploymentPostprocessing = 0;
		};
/* End PBXResourcesBuildPhase section */

/* Begin PBXSourcesBuildPhase section */
		06C023611A0ED449005ABB10 /* Sources */ = {
			isa = PBXSourcesBuildPhase;
			buildActionMask = 2147483647;
			files = (
				06C0236B1A0ED449005ABB10 /* AppDelegate.swift in Sources */,
				06C0238E1A0ED91C005ABB10 /* ExchangeAGram.swift in Sources */,
				06B641421A1465F60056292F /* FeedItem.swift in Sources */,
				06C0236E1A0ED449005ABB10 /* ExchangeAGram.xcdatamodeld in Sources */,
			);
			runOnlyForDeploymentPostprocessing = 0;
		};
		06C023791A0ED449005ABB10 /* Sources */ = {
			isa = PBXSourcesBuildPhase;
			buildActionMask = 2147483647;
			files = (
				06C023841A0ED449005ABB10 /* ExchangeAGramTests.swift in Sources */,
			);
			runOnlyForDeploymentPostprocessing = 0;
		};
/* End PBXSourcesBuildPhase section */

/* Begin PBXTargetDependency section */
		06C0237F1A0ED449005ABB10 /* PBXTargetDependency */ = {
			isa = PBXTargetDependency;
			target = 06C023641A0ED449005ABB10 /* ExchangeAGram */;
			targetProxy = 06C0237E1A0ED449005ABB10 /* PBXContainerItemProxy */;
		};
/* End PBXTargetDependency section */

/* Begin PBXVariantGroup section */
		06C023711A0ED449005ABB10 /* Main.storyboard */ = {
			isa = PBXVariantGroup;
			children = (
				06C023721A0ED449005ABB10 /* Base */,
			);
			name = Main.storyboard;
			sourceTree = "<group>";
		};
		06C023761A0ED449005ABB10 /* LaunchScreen.xib */ = {
			isa = PBXVariantGroup;
			children = (
				06C023771A0ED449005ABB10 /* Base */,
			);
			name = LaunchScreen.xib;
			sourceTree = "<group>";
		};
/* End PBXVariantGroup section */

/* Begin XCBuildConfiguration section */
		06C023851A0ED449005ABB10 /* Debug */ = {
			isa = XCBuildConfiguration;
			buildSettings = {
				ALWAYS_SEARCH_USER_PATHS = NO;
				CLANG_CXX_LANGUAGE_STANDARD = "gnu++0x";
				CLANG_CXX_LIBRARY = "libc++";
				CLANG_ENABLE_MODULES = YES;
				CLANG_ENABLE_OBJC_ARC = YES;
				CLANG_WARN_BOOL_CONVERSION = YES;
				CLANG_WARN_CONSTANT_CONVERSION = YES;
				CLANG_WARN_DIRECT_OBJC_ISA_USAGE = YES_ERROR;
				CLANG_WARN_EMPTY_BODY = YES;
				CLANG_WARN_ENUM_CONVERSION = YES;
				CLANG_WARN_INT_CONVERSION = YES;
				CLANG_WARN_OBJC_ROOT_CLASS = YES_ERROR;
				CLANG_WARN_UNREACHABLE_CODE = YES;
				CLANG_WARN__DUPLICATE_METHOD_MATCH = YES;
				"CODE_SIGN_IDENTITY[sdk=iphoneos*]" = "iPhone Developer";
				COPY_PHASE_STRIP = NO;
				ENABLE_STRICT_OBJC_MSGSEND = YES;
				GCC_C_LANGUAGE_STANDARD = gnu99;
				GCC_DYNAMIC_NO_PIC = NO;
				GCC_OPTIMIZATION_LEVEL = 0;
				GCC_PREPROCESSOR_DEFINITIONS = (
					"DEBUG=1",
					"$(inherited)",
				);
				GCC_SYMBOLS_PRIVATE_EXTERN = NO;
				GCC_WARN_64_TO_32_BIT_CONVERSION = YES;
				GCC_WARN_ABOUT_RETURN_TYPE = YES_ERROR;
				GCC_WARN_UNDECLARED_SELECTOR = YES;
				GCC_WARN_UNINITIALIZED_AUTOS = YES_AGGRESSIVE;
				GCC_WARN_UNUSED_FUNCTION = YES;
				GCC_WARN_UNUSED_VARIABLE = YES;
				IPHONEOS_DEPLOYMENT_TARGET = 8.1;
				MTL_ENABLE_DEBUG_INFO = YES;
				ONLY_ACTIVE_ARCH = YES;
				SDKROOT = iphoneos;
				SWIFT_OPTIMIZATION_LEVEL = "-Onone";
				TARGETED_DEVICE_FAMILY = "1,2";
			};
			name = Debug;
		};
		06C023861A0ED449005ABB10 /* Release */ = {
			isa = XCBuildConfiguration;
			buildSettings = {
				ALWAYS_SEARCH_USER_PATHS = NO;
				CLANG_CXX_LANGUAGE_STANDARD = "gnu++0x";
				CLANG_CXX_LIBRARY = "libc++";
				CLANG_ENABLE_MODULES = YES;
				CLANG_ENABLE_OBJC_ARC = YES;
				CLANG_WARN_BOOL_CONVERSION = YES;
				CLANG_WARN_CONSTANT_CONVERSION = YES;
				CLANG_WARN_DIRECT_OBJC_ISA_USAGE = YES_ERROR;
				CLANG_WARN_EMPTY_BODY = YES;
				CLANG_WARN_ENUM_CONVERSION = YES;
				CLANG_WARN_INT_CONVERSION = YES;
				CLANG_WARN_OBJC_ROOT_CLASS = YES_ERROR;
				CLANG_WARN_UNREACHABLE_CODE = YES;
				CLANG_WARN__DUPLICATE_METHOD_MATCH = YES;
				"CODE_SIGN_IDENTITY[sdk=iphoneos*]" = "iPhone Developer";
				COPY_PHASE_STRIP = YES;
				ENABLE_NS_ASSERTIONS = NO;
				ENABLE_STRICT_OBJC_MSGSEND = YES;
				GCC_C_LANGUAGE_STANDARD = gnu99;
				GCC_WARN_64_TO_32_BIT_CONVERSION = YES;
				GCC_WARN_ABOUT_RETURN_TYPE = YES_ERROR;
				GCC_WARN_UNDECLARED_SELECTOR = YES;
				GCC_WARN_UNINITIALIZED_AUTOS = YES_AGGRESSIVE;
				GCC_WARN_UNUSED_FUNCTION = YES;
				GCC_WARN_UNUSED_VARIABLE = YES;
				IPHONEOS_DEPLOYMENT_TARGET = 8.1;
				MTL_ENABLE_DEBUG_INFO = NO;
				SDKROOT = iphoneos;
				TARGETED_DEVICE_FAMILY = "1,2";
				VALIDATE_PRODUCT = YES;
			};
			name = Release;
		};
		06C023881A0ED449005ABB10 /* Debug */ = {
			isa = XCBuildConfiguration;
			buildSettings = {
				ASSETCATALOG_COMPILER_APPICON_NAME = AppIcon;
				INFOPLIST_FILE = ExchangeAGram/Info.plist;
				LD_RUNPATH_SEARCH_PATHS = "$(inherited) @executable_path/Frameworks";
				PRODUCT_NAME = "$(TARGET_NAME)";
			};
			name = Debug;
		};
		06C023891A0ED449005ABB10 /* Release */ = {
			isa = XCBuildConfiguration;
			buildSettings = {
				ASSETCATALOG_COMPILER_APPICON_NAME = AppIcon;
				INFOPLIST_FILE = ExchangeAGram/Info.plist;
				LD_RUNPATH_SEARCH_PATHS = "$(inherited) @executable_path/Frameworks";
				PRODUCT_NAME = "$(TARGET_NAME)";
			};
			name = Release;
		};
		06C0238B1A0ED449005ABB10 /* Debug */ = {
			isa = XCBuildConfiguration;
			buildSettings = {
				BUNDLE_LOADER = "$(TEST_HOST)";
				FRAMEWORK_SEARCH_PATHS = (
					"$(SDKROOT)/Developer/Library/Frameworks",
					"$(inherited)",
				);
				GCC_PREPROCESSOR_DEFINITIONS = (
					"DEBUG=1",
					"$(inherited)",
				);
				INFOPLIST_FILE = ExchangeAGramTests/Info.plist;
				LD_RUNPATH_SEARCH_PATHS = "$(inherited) @executable_path/Frameworks @loader_path/Frameworks";
				PRODUCT_NAME = "$(TARGET_NAME)";
				TEST_HOST = "$(BUILT_PRODUCTS_DIR)/ExchangeAGram.app/ExchangeAGram";
			};
			name = Debug;
		};
		06C0238C1A0ED449005ABB10 /* Release */ = {
			isa = XCBuildConfiguration;
			buildSettings = {
				BUNDLE_LOADER = "$(TEST_HOST)";
				FRAMEWORK_SEARCH_PATHS = (
					"$(SDKROOT)/Developer/Library/Frameworks",
					"$(inherited)",
				);
				INFOPLIST_FILE = ExchangeAGramTests/Info.plist;
				LD_RUNPATH_SEARCH_PATHS = "$(inherited) @executable_path/Frameworks @loader_path/Frameworks";
				PRODUCT_NAME = "$(TARGET_NAME)";
				TEST_HOST = "$(BUILT_PRODUCTS_DIR)/ExchangeAGram.app/ExchangeAGram";
			};
			name = Release;
		};
/* End XCBuildConfiguration section */

/* Begin XCConfigurationList section */
		06C023601A0ED449005ABB10 /* Build configuration list for PBXProject "ExchangeAGram" */ = {
			isa = XCConfigurationList;
			buildConfigurations = (
				06C023851A0ED449005ABB10 /* Debug */,
				06C023861A0ED449005ABB10 /* Release */,
			);
			defaultConfigurationIsVisible = 0;
			defaultConfigurationName = Release;
		};
		06C023871A0ED449005ABB10 /* Build configuration list for PBXNativeTarget "ExchangeAGram" */ = {
			isa = XCConfigurationList;
			buildConfigurations = (
				06C023881A0ED449005ABB10 /* Debug */,
				06C023891A0ED449005ABB10 /* Release */,
			);
			defaultConfigurationIsVisible = 0;
			defaultConfigurationName = Release;
		};
		06C0238A1A0ED449005ABB10 /* Build configuration list for PBXNativeTarget "ExchangeAGramTests" */ = {
			isa = XCConfigurationList;
			buildConfigurations = (
				06C0238B1A0ED449005ABB10 /* Debug */,
				06C0238C1A0ED449005ABB10 /* Release */,
			);
			defaultConfigurationIsVisible = 0;
			defaultConfigurationName = Release;
		};
/* End XCConfigurationList section */

/* Begin XCVersionGroup section */
		06C0236C1A0ED449005ABB10 /* ExchangeAGram.xcdatamodeld */ = {
			isa = XCVersionGroup;
			children = (
				06C0236D1A0ED449005ABB10 /* ExchangeAGram.xcdatamodel */,
			);
			currentVersion = 06C0236D1A0ED449005ABB10 /* ExchangeAGram.xcdatamodel */;
			path = ExchangeAGram.xcdatamodeld;
			sourceTree = "<group>";
			versionGroupType = wrapper.xcdatamodel;
		};
/* End XCVersionGroup section */
	};
	rootObject = 06C0235D1A0ED449005ABB10 /* Project object */;
}
